# This file is generated by running "yarn install" inside your project.
# Manual changes might be lost - proceed with caution!

__metadata:
  version: 6
  cacheKey: 8

"orderedmap@npm:^2.0.0":
  version: 2.0.0
  resolution: "orderedmap@npm:2.0.0"
  checksum: ccb835deb47f7b20f5e0e82a6f01f6be35faf2c67a8f598d02468d65c87e4548d3f76f98108edcbed729b60f5282bfbba4e357d5caf2868134996ef6ec1ea8b2
  languageName: node
  linkType: hard

"prosemirror-model@npm:^1.0.0, prosemirror-model@npm:^1.18.1":
  version: 1.18.1
  resolution: "prosemirror-model@npm:1.18.1"
  dependencies:
    orderedmap: ^2.0.0
  checksum: 1c42fac8f4a52f02643824d93689748208abad56d69044b226d0f2533cddaf6bd1bef3a1adbd159967b6be57ccd6c4b1a6030ecf675ee4e9d0a27d2bfee98699
  languageName: node
  linkType: hard

"prosemirror-state@npm:^1.4.1":
  version: 1.4.1
  resolution: "prosemirror-state@npm:1.4.1"
  dependencies:
    prosemirror-model: ^1.0.0
    prosemirror-transform: ^1.0.0
  checksum: d094a48c3087e5b13cadf9a7416ea65efa14372953b0058eb9c695346cabfe56c85d0281348fb97720d4c941046e159ef282f2aa168abd8b6c4862e59845ef18
  languageName: node
  linkType: hard

"prosemirror-transform@npm:^1.0.0":
  version: 1.6.0
  resolution: "prosemirror-transform@npm:1.6.0"
  dependencies:
    prosemirror-model: ^1.0.0
  checksum: b199b170521ca6b7f8093b7651a57e59b8a1746e6f6a3cf58653f12e981be387240b7cd01717eb7c52b9fd20e99a32b46e70d09de07f413a602d552ab2270e8a
  languageName: node
  linkType: hard

"yarn-singleton-bug-repro-application@workspace:packages/application":
  version: 0.0.0-use.local
  resolution: "yarn-singleton-bug-repro-application@workspace:packages/application"
  dependencies:
    prosemirror-model: ^1.18.1
    prosemirror-state: ^1.4.1
    yarn-singleton-bug-repro-library: "workspace:^"
  languageName: unknown
  linkType: soft

"yarn-singleton-bug-repro-library@workspace:^, yarn-singleton-bug-repro-library@workspace:packages/library":
  version: 0.0.0-use.local
  resolution: "yarn-singleton-bug-repro-library@workspace:packages/library"
  peerDependencies:
    prosemirror-model: ^1.18.1
    prosemirror-state: ^1.4.1
  languageName: unknown
  linkType: soft

"yarn-singleton-bug-repro@workspace:.":
  version: 0.0.0-use.local
  resolution: "yarn-singleton-bug-repro@workspace:."
  languageName: unknown
  linkType: soft
